// !$*UTF8*$!
{
	archiveVersion = 1;
	classes = {
	};
	objectVersion = 46;
	objects = {

/* Begin PBXBuildFile section */
		94D52D171E7A1CAD000B91B4 /* AppDelegate.swift in Sources */ = {isa = PBXBuildFile; fileRef = 94D52D161E7A1CAD000B91B4 /* AppDelegate.swift */; };
		94D52D191E7A1CAD000B91B4 /* ViewController.swift in Sources */ = {isa = PBXBuildFile; fileRef = 94D52D181E7A1CAD000B91B4 /* ViewController.swift */; };
		94D52D1C1E7A1CAD000B91B4 /* Main.storyboard in Resources */ = {isa = PBXBuildFile; fileRef = 94D52D1A1E7A1CAD000B91B4 /* Main.storyboard */; };
		94D52D1E1E7A1CAD000B91B4 /* Assets.xcassets in Resources */ = {isa = PBXBuildFile; fileRef = 94D52D1D1E7A1CAD000B91B4 /* Assets.xcassets */; };
		94D52D211E7A1CAD000B91B4 /* LaunchScreen.storyboard in Resources */ = {isa = PBXBuildFile; fileRef = 94D52D1F1E7A1CAD000B91B4 /* LaunchScreen.storyboard */; };
		94D52D291E7A1E3C000B91B4 /* NiftyRequest.swift in Sources */ = {isa = PBXBuildFile; fileRef = 94D52D281E7A1E3C000B91B4 /* NiftyRequest.swift */; };
		94F15C4E1E7C08BF008A4124 /* NiftyAPI.swift in Sources */ = {isa = PBXBuildFile; fileRef = 94F15C4D1E7C08BF008A4124 /* NiftyAPI.swift */; };
		94F15C501E7C0AA9008A4124 /* RootViewController.swift in Sources */ = {isa = PBXBuildFile; fileRef = 94F15C4F1E7C0AA9008A4124 /* RootViewController.swift */; };
		94F15C521E7C0CA3008A4124 /* WearImageViewCell.swift in Sources */ = {isa = PBXBuildFile; fileRef = 94F15C511E7C0CA3008A4124 /* WearImageViewCell.swift */; };
		94F15C541E7C0DA9008A4124 /* SearchResponse.swift in Sources */ = {isa = PBXBuildFile; fileRef = 94F15C531E7C0DA9008A4124 /* SearchResponse.swift */; };
		94F15C561E7C0EAC008A4124 /* WearImage.swift in Sources */ = {isa = PBXBuildFile; fileRef = 94F15C551E7C0EAC008A4124 /* WearImage.swift */; };
		94F15C581E7C1AEC008A4124 /* NiftyClient.swift in Sources */ = {isa = PBXBuildFile; fileRef = 94F15C571E7C1AEC008A4124 /* NiftyClient.swift */; };
		DD4FEF7064885CAD36E6A007 /* Pods_GreenRefactoring.framework in Frameworks */ = {isa = PBXBuildFile; fileRef = F8BFE3B1FA24111C8A425191 /* Pods_GreenRefactoring.framework */; };
/* End PBXBuildFile section */

/* Begin PBXFileReference section */
		56C90A2F9D86FD31A9594138 /* Pods-GreenRefactoring.release.xcconfig */ = {isa = PBXFileReference; includeInIndex = 1; lastKnownFileType = text.xcconfig; name = "Pods-GreenRefactoring.release.xcconfig"; path = "Pods/Target Support Files/Pods-GreenRefactoring/Pods-GreenRefactoring.release.xcconfig"; sourceTree = "<group>"; };
		94D52D131E7A1CAD000B91B4 /* GreenRefactoring.app */ = {isa = PBXFileReference; explicitFileType = wrapper.application; includeInIndex = 0; path = GreenRefactoring.app; sourceTree = BUILT_PRODUCTS_DIR; };
		94D52D161E7A1CAD000B91B4 /* AppDelegate.swift */ = {isa = PBXFileReference; lastKnownFileType = sourcecode.swift; path = AppDelegate.swift; sourceTree = "<group>"; };
		94D52D181E7A1CAD000B91B4 /* ViewController.swift */ = {isa = PBXFileReference; lastKnownFileType = sourcecode.swift; path = ViewController.swift; sourceTree = "<group>"; };
		94D52D1B1E7A1CAD000B91B4 /* Base */ = {isa = PBXFileReference; lastKnownFileType = file.storyboard; name = Base; path = Base.lproj/Main.storyboard; sourceTree = "<group>"; };
		94D52D1D1E7A1CAD000B91B4 /* Assets.xcassets */ = {isa = PBXFileReference; lastKnownFileType = folder.assetcatalog; path = Assets.xcassets; sourceTree = "<group>"; };
		94D52D201E7A1CAD000B91B4 /* Base */ = {isa = PBXFileReference; lastKnownFileType = file.storyboard; name = Base; path = Base.lproj/LaunchScreen.storyboard; sourceTree = "<group>"; };
		94D52D221E7A1CAD000B91B4 /* Info.plist */ = {isa = PBXFileReference; lastKnownFileType = text.plist.xml; path = Info.plist; sourceTree = "<group>"; };
		94D52D281E7A1E3C000B91B4 /* NiftyRequest.swift */ = {isa = PBXFileReference; fileEncoding = 4; lastKnownFileType = sourcecode.swift; path = NiftyRequest.swift; sourceTree = "<group>"; };
		94F15C4D1E7C08BF008A4124 /* NiftyAPI.swift */ = {isa = PBXFileReference; fileEncoding = 4; lastKnownFileType = sourcecode.swift; path = NiftyAPI.swift; sourceTree = "<group>"; };
		94F15C4F1E7C0AA9008A4124 /* RootViewController.swift */ = {isa = PBXFileReference; fileEncoding = 4; lastKnownFileType = sourcecode.swift; path = RootViewController.swift; sourceTree = "<group>"; };
		94F15C511E7C0CA3008A4124 /* WearImageViewCell.swift */ = {isa = PBXFileReference; fileEncoding = 4; lastKnownFileType = sourcecode.swift; path = WearImageViewCell.swift; sourceTree = "<group>"; };
		94F15C531E7C0DA9008A4124 /* SearchResponse.swift */ = {isa = PBXFileReference; fileEncoding = 4; lastKnownFileType = sourcecode.swift; path = SearchResponse.swift; sourceTree = "<group>"; };
		94F15C551E7C0EAC008A4124 /* WearImage.swift */ = {isa = PBXFileReference; fileEncoding = 4; lastKnownFileType = sourcecode.swift; path = WearImage.swift; sourceTree = "<group>"; };
		94F15C571E7C1AEC008A4124 /* NiftyClient.swift */ = {isa = PBXFileReference; fileEncoding = 4; lastKnownFileType = sourcecode.swift; path = NiftyClient.swift; sourceTree = "<group>"; };
		CAD84668B36B6DD78466B7DC /* Pods-GreenRefactoring.debug.xcconfig */ = {isa = PBXFileReference; includeInIndex = 1; lastKnownFileType = text.xcconfig; name = "Pods-GreenRefactoring.debug.xcconfig"; path = "Pods/Target Support Files/Pods-GreenRefactoring/Pods-GreenRefactoring.debug.xcconfig"; sourceTree = "<group>"; };
		F8BFE3B1FA24111C8A425191 /* Pods_GreenRefactoring.framework */ = {isa = PBXFileReference; explicitFileType = wrapper.framework; includeInIndex = 0; path = Pods_GreenRefactoring.framework; sourceTree = BUILT_PRODUCTS_DIR; };
/* End PBXFileReference section */

/* Begin PBXFrameworksBuildPhase section */
		94D52D101E7A1CAD000B91B4 /* Frameworks */ = {
			isa = PBXFrameworksBuildPhase;
			buildActionMask = 2147483647;
			files = (
				DD4FEF7064885CAD36E6A007 /* Pods_GreenRefactoring.framework in Frameworks */,
			);
			runOnlyForDeploymentPostprocessing = 0;
		};
/* End PBXFrameworksBuildPhase section */

/* Begin PBXGroup section */
		46A0A21A3A7628DD2BD8EE17 /* Pods */ = {
			isa = PBXGroup;
			children = (
				CAD84668B36B6DD78466B7DC /* Pods-GreenRefactoring.debug.xcconfig */,
				56C90A2F9D86FD31A9594138 /* Pods-GreenRefactoring.release.xcconfig */,
			);
			name = Pods;
			sourceTree = "<group>";
		};
		94D52D0A1E7A1CAD000B91B4 = {
			isa = PBXGroup;
			children = (
				94D52D151E7A1CAD000B91B4 /* GreenRefactoring */,
				94D52D141E7A1CAD000B91B4 /* Products */,
				46A0A21A3A7628DD2BD8EE17 /* Pods */,
				BBBB7F6465ACBF5D096689CD /* Frameworks */,
			);
			sourceTree = "<group>";
		};
		94D52D141E7A1CAD000B91B4 /* Products */ = {
			isa = PBXGroup;
			children = (
				94D52D131E7A1CAD000B91B4 /* GreenRefactoring.app */,
			);
			name = Products;
			sourceTree = "<group>";
		};
		94D52D151E7A1CAD000B91B4 /* GreenRefactoring */ = {
			isa = PBXGroup;
			children = (
				94D52D161E7A1CAD000B91B4 /* AppDelegate.swift */,
				94D52D181E7A1CAD000B91B4 /* ViewController.swift */,
				94D52D1A1E7A1CAD000B91B4 /* Main.storyboard */,
				94D52D1D1E7A1CAD000B91B4 /* Assets.xcassets */,
				94D52D1F1E7A1CAD000B91B4 /* LaunchScreen.storyboard */,
				94D52D221E7A1CAD000B91B4 /* Info.plist */,
				94D52D281E7A1E3C000B91B4 /* NiftyRequest.swift */,
				94F15C4D1E7C08BF008A4124 /* NiftyAPI.swift */,
				94F15C4F1E7C0AA9008A4124 /* RootViewController.swift */,
				94F15C511E7C0CA3008A4124 /* WearImageViewCell.swift */,
				94F15C531E7C0DA9008A4124 /* SearchResponse.swift */,
				94F15C551E7C0EAC008A4124 /* WearImage.swift */,
				94F15C571E7C1AEC008A4124 /* NiftyClient.swift */,
			);
			path = GreenRefactoring;
			sourceTree = "<group>";
		};
		BBBB7F6465ACBF5D096689CD /* Frameworks */ = {
			isa = PBXGroup;
			children = (
				F8BFE3B1FA24111C8A425191 /* Pods_GreenRefactoring.framework */,
			);
			name = Frameworks;
			sourceTree = "<group>";
		};
/* End PBXGroup section */

/* Begin PBXNativeTarget section */
		94D52D121E7A1CAD000B91B4 /* GreenRefactoring */ = {
			isa = PBXNativeTarget;
			buildConfigurationList = 94D52D251E7A1CAD000B91B4 /* Build configuration list for PBXNativeTarget "GreenRefactoring" */;
			buildPhases = (
				56BDC85C18B697DE3E50A7AD /* [CP] Check Pods Manifest.lock */,
				94D52D0F1E7A1CAD000B91B4 /* Sources */,
				94D52D101E7A1CAD000B91B4 /* Frameworks */,
				94D52D111E7A1CAD000B91B4 /* Resources */,
				9ED16586E4A4E836EAC8722F /* [CP] Embed Pods Frameworks */,
				18A3011B2ED5026A2037F5DA /* [CP] Copy Pods Resources */,
			);
			buildRules = (
			);
			dependencies = (
			);
			name = GreenRefactoring;
			productName = GreenRefactoring;
			productReference = 94D52D131E7A1CAD000B91B4 /* GreenRefactoring.app */;
			productType = "com.apple.product-type.application";
		};
/* End PBXNativeTarget section */

/* Begin PBXProject section */
		94D52D0B1E7A1CAD000B91B4 /* Project object */ = {
			isa = PBXProject;
			attributes = {
				LastSwiftUpdateCheck = 0820;
				LastUpgradeCheck = 0820;
				ORGANIZATIONNAME = DaichiSaito;
				TargetAttributes = {
					94D52D121E7A1CAD000B91B4 = {
						CreatedOnToolsVersion = 8.2.1;
						DevelopmentTeam = DT9S8X9RA8;
						ProvisioningStyle = Automatic;
					};
				};
			};
			buildConfigurationList = 94D52D0E1E7A1CAD000B91B4 /* Build configuration list for PBXProject "GreenRefactoring" */;
			compatibilityVersion = "Xcode 3.2";
			developmentRegion = English;
			hasScannedForEncodings = 0;
			knownRegions = (
				en,
				Base,
			);
			mainGroup = 94D52D0A1E7A1CAD000B91B4;
			productRefGroup = 94D52D141E7A1CAD000B91B4 /* Products */;
			projectDirPath = "";
			projectRoot = "";
			targets = (
				94D52D121E7A1CAD000B91B4 /* GreenRefactoring */,
			);
		};
/* End PBXProject section */

/* Begin PBXResourcesBuildPhase section */
		94D52D111E7A1CAD000B91B4 /* Resources */ = {
			isa = PBXResourcesBuildPhase;
			buildActionMask = 2147483647;
			files = (
				94D52D211E7A1CAD000B91B4 /* LaunchScreen.storyboard in Resources */,
				94D52D1E1E7A1CAD000B91B4 /* Assets.xcassets in Resources */,
				94D52D1C1E7A1CAD000B91B4 /* Main.storyboard in Resources */,
			);
			runOnlyForDeploymentPostprocessing = 0;
		};
/* End PBXResourcesBuildPhase section */

/* Begin PBXShellScriptBuildPhase section */
		18A3011B2ED5026A2037F5DA /* [CP] Copy Pods Resources */ = {
			isa = PBXShellScriptBuildPhase;
			buildActionMask = 2147483647;
			files = (
			);
			inputPaths = (
			);
			name = "[CP] Copy Pods Resources";
			outputPaths = (
			);
			runOnlyForDeploymentPostprocessing = 0;
			shellPath = /bin/sh;
			shellScript = "\"${SRCROOT}/Pods/Target Support Files/Pods-GreenRefactoring/Pods-GreenRefactoring-resources.sh\"\n";
			showEnvVarsInLog = 0;
		};
		56BDC85C18B697DE3E50A7AD /* [CP] Check Pods Manifest.lock */ = {
			isa = PBXShellScriptBuildPhase;
			buildActionMask = 2147483647;
			files = (
			);
			inputPaths = (
			);
			name = "[CP] Check Pods Manifest.lock";
			outputPaths = (
			);
			runOnlyForDeploymentPostprocessing = 0;
			shellPath = /bin/sh;
			shellScript = "diff \"${PODS_ROOT}/../Podfile.lock\" \"${PODS_ROOT}/Manifest.lock\" > /dev/null\nif [ $? != 0 ] ; then\n    # print error to STDERR\n    echo \"error: The sandbox is not in sync with the Podfile.lock. Run 'pod install' or update your CocoaPods installation.\" >&2\n    exit 1\nfi\n";
			showEnvVarsInLog = 0;
		};
		9ED16586E4A4E836EAC8722F /* [CP] Embed Pods Frameworks */ = {
			isa = PBXShellScriptBuildPhase;
			buildActionMask = 2147483647;
			files = (
			);
			inputPaths = (
			);
			name = "[CP] Embed Pods Frameworks";
			outputPaths = (
			);
			runOnlyForDeploymentPostprocessing = 0;
			shellPath = /bin/sh;
			shellScript = "\"${SRCROOT}/Pods/Target Support Files/Pods-GreenRefactoring/Pods-GreenRefactoring-frameworks.sh\"\n";
			showEnvVarsInLog = 0;
		};
/* End PBXShellScriptBuildPhase section */

/* Begin PBXSourcesBuildPhase section */
		94D52D0F1E7A1CAD000B91B4 /* Sources */ = {
			isa = PBXSourcesBuildPhase;
			buildActionMask = 2147483647;
			files = (
				94F15C541E7C0DA9008A4124 /* SearchResponse.swift in Sources */,
				94F15C501E7C0AA9008A4124 /* RootViewController.swift in Sources */,
				94F15C581E7C1AEC008A4124 /* NiftyClient.swift in Sources */,
				94F15C521E7C0CA3008A4124 /* WearImageViewCell.swift in Sources */,
				94D52D191E7A1CAD000B91B4 /* ViewController.swift in Sources */,
				94F15C561E7C0EAC008A4124 /* WearImage.swift in Sources */,
				94F15C4E1E7C08BF008A4124 /* NiftyAPI.swift in Sources */,
				94D52D291E7A1E3C000B91B4 /* NiftyRequest.swift in Sources */,
				94D52D171E7A1CAD000B91B4 /* AppDelegate.swift in Sources */,
			);
			runOnlyForDeploymentPostprocessing = 0;
		};
/* End PBXSourcesBuildPhase section */

/* Begin PBXVariantGroup section */
		94D52D1A1E7A1CAD000B91B4 /* Main.storyboard */ = {
			isa = PBXVariantGroup;
			children = (
				94D52D1B1E7A1CAD000B91B4 /* Base */,
			);
			name = Main.storyboard;
			sourceTree = "<group>";
		};
		94D52D1F1E7A1CAD000B91B4 /* LaunchScreen.storyboard */ = {
			isa = PBXVariantGroup;
			children = (
				94D52D201E7A1CAD000B91B4 /* Base */,
			);
			name = LaunchScreen.storyboard;
			sourceTree = "<group>";
		};
/* End PBXVariantGroup section */

/* Begin XCBuildConfiguration section */
		94D52D231E7A1CAD000B91B4 /* Debug */ = {
			isa = XCBuildConfiguration;
			buildSettings = {
				ALWAYS_SEARCH_USER_PATHS = NO;
				CLANG_ANALYZER_NONNULL = YES;
				CLANG_CXX_LANGUAGE_STANDARD = "gnu++0x";
				CLANG_CXX_LIBRARY = "libc++";
				CLANG_ENABLE_MODULES = YES;
				CLANG_ENABLE_OBJC_ARC = YES;
				CLANG_WARN_BOOL_CONVERSION = YES;
				CLANG_WARN_CONSTANT_CONVERSION = YES;
				CLANG_WARN_DIRECT_OBJC_ISA_USAGE = YES_ERROR;
				CLANG_WARN_DOCUMENTATION_COMMENTS = YES;
				CLANG_WARN_EMPTY_BODY = YES;
				CLANG_WARN_ENUM_CONVERSION = YES;
				CLANG_WARN_INFINITE_RECURSION = YES;
				CLANG_WARN_INT_CONVERSION = YES;
				CLANG_WARN_OBJC_ROOT_CLASS = YES_ERROR;
				CLANG_WARN_SUSPICIOUS_MOVE = YES;
				CLANG_WARN_UNREACHABLE_CODE = YES;
				CLANG_WARN__DUPLICATE_METHOD_MATCH = YES;
				"CODE_SIGN_IDENTITY[sdk=iphoneos*]" = "iPhone Developer";
				COPY_PHASE_STRIP = NO;
				DEBUG_INFORMATION_FORMAT = dwarf;
				ENABLE_STRICT_OBJC_MSGSEND = YES;
				ENABLE_TESTABILITY = YES;
				GCC_C_LANGUAGE_STANDARD = gnu99;
				GCC_DYNAMIC_NO_PIC = NO;
				GCC_NO_COMMON_BLOCKS = YES;
				GCC_OPTIMIZATION_LEVEL = 0;
				GCC_PREPROCESSOR_DEFINITIONS = (
					"DEBUG=1",
					"$(inherited)",
				);
				GCC_WARN_64_TO_32_BIT_CONVERSION = YES;
				GCC_WARN_ABOUT_RETURN_TYPE = YES_ERROR;
				GCC_WARN_UNDECLARED_SELECTOR = YES;
				GCC_WARN_UNINITIALIZED_AUTOS = YES_AGGRESSIVE;
				GCC_WARN_UNUSED_FUNCTION = YES;
				GCC_WARN_UNUSED_VARIABLE = YES;
				IPHONEOS_DEPLOYMENT_TARGET = 10.2;
				MTL_ENABLE_DEBUG_INFO = YES;
				ONLY_ACTIVE_ARCH = YES;
				SDKROOT = iphoneos;
				SWIFT_ACTIVE_COMPILATION_CONDITIONS = DEBUG;
				SWIFT_OPTIMIZATION_LEVEL = "-Onone";
			};
			name = Debug;
		};
		94D52D241E7A1CAD000B91B4 /* Release */ = {
			isa = XCBuildConfiguration;
			buildSettings = {
				ALWAYS_SEARCH_USER_PATHS = NO;
				CLANG_ANALYZER_NONNULL = YES;
				CLANG_CXX_LANGUAGE_STANDARD = "gnu++0x";
				CLANG_CXX_LIBRARY = "libc++";
				CLANG_ENABLE_MODULES = YES;
				CLANG_ENABLE_OBJC_ARC = YES;
				CLANG_WARN_BOOL_CONVERSION = YES;
				CLANG_WARN_CONSTANT_CONVERSION = YES;
				CLANG_WARN_DIRECT_OBJC_ISA_USAGE = YES_ERROR;
				CLANG_WARN_DOCUMENTATION_COMMENTS = YES;
				CLANG_WARN_EMPTY_BODY = YES;
				CLANG_WARN_ENUM_CONVERSION = YES;
				CLANG_WARN_INFINITE_RECURSION = YES;
				CLANG_WARN_INT_CONVERSION = YES;
				CLANG_WARN_OBJC_ROOT_CLASS = YES_ERROR;
				CLANG_WARN_SUSPICIOUS_MOVE = YES;
				CLANG_WARN_UNREACHABLE_CODE = YES;
				CLANG_WARN__DUPLICATE_METHOD_MATCH = YES;
				"CODE_SIGN_IDENTITY[sdk=iphoneos*]" = "iPhone Developer";
				COPY_PHASE_STRIP = NO;
				DEBUG_INFORMATION_FORMAT = "dwarf-with-dsym";
				ENABLE_NS_ASSERTIONS = NO;
				ENABLE_STRICT_OBJC_MSGSEND = YES;
				GCC_C_LANGUAGE_STANDARD = gnu99;
				GCC_NO_COMMON_BLOCKS = YES;
				GCC_WARN_64_TO_32_BIT_CONVERSION = YES;
				GCC_WARN_ABOUT_RETURN_TYPE = YES_ERROR;
				GCC_WARN_UNDECLARED_SELECTOR = YES;
				GCC_WARN_UNINITIALIZED_AUTOS = YES_AGGRESSIVE;
				GCC_WARN_UNUSED_FUNCTION = YES;
				GCC_WARN_UNUSED_VARIABLE = YES;
				IPHONEOS_DEPLOYMENT_TARGET = 10.2;
				MTL_ENABLE_DEBUG_INFO = NO;
				SDKROOT = iphoneos;
				SWIFT_OPTIMIZATION_LEVEL = "-Owholemodule";
				VALIDATE_PRODUCT = YES;
			};
			name = Release;
		};
		94D52D261E7A1CAD000B91B4 /* Debug */ = {
			isa = XCBuildConfiguration;
			baseConfigurationReference = CAD84668B36B6DD78466B7DC /* Pods-GreenRefactoring.debug.xcconfig */;
			buildSettings = {
				ASSETCATALOG_COMPILER_APPICON_NAME = AppIcon;
				DEVELOPMENT_TEAM = DT9S8X9RA8;
				INFOPLIST_FILE = GreenRefactoring/Info.plist;
				LD_RUNPATH_SEARCH_PATHS = "$(inherited) @executable_path/Frameworks";
				PRODUCT_BUNDLE_IDENTIFIER = com.orfool.GreenRefactoring;
				PRODUCT_NAME = "$(TARGET_NAME)";
				SWIFT_VERSION = 3.0;
			};
			name = Debug;
		};
		94D52D271E7A1CAD000B91B4 /* Release */ = {
			isa = XCBuildConfiguration;
			baseConfigurationReference = 56C90A2F9D86FD31A9594138 /* Pods-GreenRefactoring.release.xcconfig */;
			buildSettings = {
				ASSETCATALOG_COMPILER_APPICON_NAME = AppIcon;
				DEVELOPMENT_TEAM = DT9S8X9RA8;
				INFOPLIST_FILE = GreenRefactoring/Info.plist;
				LD_RUNPATH_SEARCH_PATHS = "$(inherited) @executable_path/Frameworks";
				PRODUCT_BUNDLE_IDENTIFIER = com.orfool.GreenRefactoring;
				PRODUCT_NAME = "$(TARGET_NAME)";
				SWIFT_VERSION = 3.0;
			};
			name = Release;
		};
/* End XCBuildConfiguration section */

/* Begin XCConfigurationList section */
		94D52D0E1E7A1CAD000B91B4 /* Build configuration list for PBXProject "GreenRefactoring" */ = {
			isa = XCConfigurationList;
			buildConfigurations = (
				94D52D231E7A1CAD000B91B4 /* Debug */,
				94D52D241E7A1CAD000B91B4 /* Release */,
			);
			defaultConfigurationIsVisible = 0;
			defaultConfigurationName = Release;
		};
		94D52D251E7A1CAD000B91B4 /* Build configuration list for PBXNativeTarget "GreenRefactoring" */ = {
			isa = XCConfigurationList;
			buildConfigurations = (
				94D52D261E7A1CAD000B91B4 /* Debug */,
				94D52D271E7A1CAD000B91B4 /* Release */,
			);
			defaultConfigurationIsVisible = 0;
			defaultConfigurationName = Release;
		};
/* End XCConfigurationList section */
	};
	rootObject = 94D52D0B1E7A1CAD000B91B4 /* Project object */;
}
